// !$*UTF8*$!
{
	archiveVersion = 1;
	classes = {
	};
	objectVersion = 77;
	objects = {

/* Begin PBXBuildFile section */
		C412316B0DADBFDE68171FFC /* RealtimeInterpretationDemo in Frameworks */ = {isa = PBXBuildFile; productRef = BEB5AD5C5A5763852E686DC3 /* RealtimeInterpretationDemo */; };
		CB7B02161183474B22EE6FBD /* RealtimeInterpretationHostApp.swift in Sources */ = {isa = PBXBuildFile; fileRef = 96F40DCCB06CAA6AEFECB958 /* RealtimeInterpretationHostApp.swift */; };
/* End PBXBuildFile section */

/* Begin PBXFileReference section */
		1231660E8E40AA3F319A7B94 /* RealtimeInterpretationHost.app */ = {isa = PBXFileReference; includeInIndex = 0; lastKnownFileType = wrapper.application; path = RealtimeInterpretationHost.app; sourceTree = BUILT_PRODUCTS_DIR; };
		749922C0EE2CB330AC25CA1C /* ios26_demo */ = {isa = PBXFileReference; lastKnownFileType = folder; name = ios26_demo; path = ../ios26_demo; sourceTree = SOURCE_ROOT; };
		96F40DCCB06CAA6AEFECB958 /* RealtimeInterpretationHostApp.swift */ = {isa = PBXFileReference; lastKnownFileType = sourcecode.swift; path = RealtimeInterpretationHostApp.swift; sourceTree = "<group>"; };
/* End PBXFileReference section */

/* Begin PBXFrameworksBuildPhase section */
		B067E85C76C94F1FA43FB5DE /* Frameworks */ = {
			isa = PBXFrameworksBuildPhase;
			buildActionMask = 2147483647;
			files = (
				C412316B0DADBFDE68171FFC /* RealtimeInterpretationDemo in Frameworks */,
			);
			runOnlyForDeploymentPostprocessing = 0;
		};
/* End PBXFrameworksBuildPhase section */

/* Begin PBXGroup section */
		B2DA93E880141999134EF85B = {
			isa = PBXGroup;
			children = (
				B6AED243F3D651BB98BA782A /* App */,
				D15FB1889A40E00B05DB8576 /* Packages */,
				ECAA4C19CAF9AD00D9BC25F4 /* Products */,
			);
			sourceTree = "<group>";
		};
		B6AED243F3D651BB98BA782A /* App */ = {
			isa = PBXGroup;
			children = (
				96F40DCCB06CAA6AEFECB958 /* RealtimeInterpretationHostApp.swift */,
			);
			path = App;
			sourceTree = "<group>";
		};
		D15FB1889A40E00B05DB8576 /* Packages */ = {
			isa = PBXGroup;
			children = (
				749922C0EE2CB330AC25CA1C /* ios26_demo */,
			);
			name = Packages;
			sourceTree = "<group>";
		};
		ECAA4C19CAF9AD00D9BC25F4 /* Products */ = {
			isa = PBXGroup;
			children = (
				1231660E8E40AA3F319A7B94 /* RealtimeInterpretationHost.app */,
			);
			name = Products;
			sourceTree = "<group>";
		};
/* End PBXGroup section */

/* Begin PBXNativeTarget section */
		439377F539EC05DA5CCE7981 /* RealtimeInterpretationHost */ = {
			isa = PBXNativeTarget;
			buildConfigurationList = 78C954E88C3DC36BE9930091 /* Build configuration list for PBXNativeTarget "RealtimeInterpretationHost" */;
			buildPhases = (
				7D6EFE438034BC56270649B6 /* Sources */,
				B067E85C76C94F1FA43FB5DE /* Frameworks */,
			);
			buildRules = (
			);
			dependencies = (
			);
			name = RealtimeInterpretationHost;
			packageProductDependencies = (
				BEB5AD5C5A5763852E686DC3 /* RealtimeInterpretationDemo */,
			);
			productName = RealtimeInterpretationHost;
			productReference = 1231660E8E40AA3F319A7B94 /* RealtimeInterpretationHost.app */;
			productType = "com.apple.product-type.application";
		};
/* End PBXNativeTarget section */

/* Begin PBXProject section */
		0B38A7F50F814E6BB02CD00F /* Project object */ = {
			isa = PBXProject;
			attributes = {
				BuildIndependentTargetsInParallel = YES;
				LastUpgradeCheck = 1430;
				TargetAttributes = {
				};
			};
			buildConfigurationList = 10F1DCD481AF3B1ED54F635E /* Build configuration list for PBXProject "RealtimeInterpretationHost" */;
			developmentRegion = en;
			hasScannedForEncodings = 0;
			knownRegions = (
				Base,
				en,
			);
			mainGroup = B2DA93E880141999134EF85B;
			minimizedProjectReferenceProxies = 1;
			packageReferences = (
				3509535E3B785BEC3FF2A8F7 /* XCLocalSwiftPackageReference "../ios26_demo" */,
			);
			preferredProjectObjectVersion = 77;
			productRefGroup = ECAA4C19CAF9AD00D9BC25F4 /* Products */;
			projectDirPath = "";
			projectRoot = "";
			targets = (
				439377F539EC05DA5CCE7981 /* RealtimeInterpretationHost */,
			);
		};
/* End PBXProject section */

/* Begin PBXSourcesBuildPhase section */
		7D6EFE438034BC56270649B6 /* Sources */ = {
			isa = PBXSourcesBuildPhase;
			buildActionMask = 2147483647;
			files = (
				CB7B02161183474B22EE6FBD /* RealtimeInterpretationHostApp.swift in Sources */,
			);
			runOnlyForDeploymentPostprocessing = 0;
		};
/* End PBXSourcesBuildPhase section */

/* Begin XCBuildConfiguration section */
		711584516CAE6A5F2E04526F /* Release */ = {
			isa = XCBuildConfiguration;
			buildSettings = {
				ALWAYS_SEARCH_USER_PATHS = NO;
				CLANG_ANALYZER_NONNULL = YES;
				CLANG_ANALYZER_NUMBER_OBJECT_CONVERSION = YES_AGGRESSIVE;
				CLANG_CXX_LANGUAGE_STANDARD = "gnu++14";
				CLANG_CXX_LIBRARY = "libc++";
				CLANG_ENABLE_MODULES = YES;
				CLANG_ENABLE_OBJC_ARC = YES;
				CLANG_ENABLE_OBJC_WEAK = YES;
				CLANG_WARN_BLOCK_CAPTURE_AUTORELEASING = YES;
				CLANG_WARN_BOOL_CONVERSION = YES;
				CLANG_WARN_COMMA = YES;
				CLANG_WARN_CONSTANT_CONVERSION = YES;
				CLANG_WARN_DEPRECATED_OBJC_IMPLEMENTATIONS = YES;
				CLANG_WARN_DIRECT_OBJC_ISA_USAGE = YES_ERROR;
				CLANG_WARN_DOCUMENTATION_COMMENTS = YES;
				CLANG_WARN_EMPTY_BODY = YES;
				CLANG_WARN_ENUM_CONVERSION = YES;
				CLANG_WARN_INFINITE_RECURSION = YES;
				CLANG_WARN_INT_CONVERSION = YES;
				CLANG_WARN_NON_LITERAL_NULL_CONVERSION = YES;
				CLANG_WARN_OBJC_IMPLICIT_RETAIN_SELF = YES;
				CLANG_WARN_OBJC_LITERAL_CONVERSION = YES;
				CLANG_WARN_OBJC_ROOT_CLASS = YES_ERROR;
				CLANG_WARN_QUOTED_INCLUDE_IN_FRAMEWORK_HEADER = YES;
				CLANG_WARN_RANGE_LOOP_ANALYSIS = YES;
				CLANG_WARN_STRICT_PROTOTYPES = YES;
				CLANG_WARN_SUSPICIOUS_MOVE = YES;
				CLANG_WARN_UNGUARDED_AVAILABILITY = YES_AGGRESSIVE;
				CLANG_WARN_UNREACHABLE_CODE = YES;
				CLANG_WARN__DUPLICATE_METHOD_MATCH = YES;
				COPY_PHASE_STRIP = NO;
				DEBUG_INFORMATION_FORMAT = "dwarf-with-dsym";
				ENABLE_NS_ASSERTIONS = NO;
				ENABLE_STRICT_OBJC_MSGSEND = YES;
				GCC_C_LANGUAGE_STANDARD = gnu11;
				GCC_NO_COMMON_BLOCKS = YES;
				GCC_WARN_64_TO_32_BIT_CONVERSION = YES;
				GCC_WARN_ABOUT_RETURN_TYPE = YES_ERROR;
				GCC_WARN_UNDECLARED_SELECTOR = YES;
				GCC_WARN_UNINITIALIZED_AUTOS = YES_AGGRESSIVE;
				GCC_WARN_UNUSED_FUNCTION = YES;
				GCC_WARN_UNUSED_VARIABLE = YES;
				MTL_ENABLE_DEBUG_INFO = NO;
				MTL_FAST_MATH = YES;
				PRODUCT_NAME = "$(TARGET_NAME)";
				SDKROOT = iphoneos;
				SWIFT_COMPILATION_MODE = wholemodule;
				SWIFT_OPTIMIZATION_LEVEL = "-O";
				SWIFT_VERSION = 6.0;
			};
			name = Release;
		};
		77628EDA20E4F7BFA55679BA /* Debug */ = {
			isa = XCBuildConfiguration;
			buildSettings = {
				ASSETCATALOG_COMPILER_APPICON_NAME = AppIcon;
				CODE_SIGN_IDENTITY = "iPhone Developer";
				GENERATE_INFOPLIST_FILE = YES;
				INFOPLIST_KEY_CFBundleDisplayName = "Realtime Interpretation";
				INFOPLIST_KEY_NSMicrophoneUsageDescription = "Microphone access is required for live speech translation.";
				INFOPLIST_KEY_NSSpeechRecognitionUsageDescription = "Speech recognition is required for real-time transcription.";
				INFOPLIST_KEY_UIApplicationSupportsIndirectInputEvents = YES;
				INFOPLIST_KEY_UILaunchScreen_Generation = YES;
				IPHONEOS_DEPLOYMENT_TARGET = 26.4;
				LD_RUNPATH_SEARCH_PATHS = (
					"$(inherited)",
					"@executable_path/Frameworks",
				);
				PRODUCT_BUNDLE_IDENTIFIER = com.tastyheadphones.RealtimeInterpretationHost;
				SDKROOT = iphoneos;
				TARGETED_DEVICE_FAMILY = "1,2";
			};
			name = Debug;
		};
		92CDB396AEF3DBE79B68A2FF /* Release */ = {
			isa = XCBuildConfiguration;
			buildSettings = {
				ASSETCATALOG_COMPILER_APPICON_NAME = AppIcon;
				CODE_SIGN_IDENTITY = "iPhone Developer";
				GENERATE_INFOPLIST_FILE = YES;
				INFOPLIST_KEY_CFBundleDisplayName = "Realtime Interpretation";
				INFOPLIST_KEY_NSMicrophoneUsageDescription = "Microphone access is required for live speech translation.";
				INFOPLIST_KEY_NSSpeechRecognitionUsageDescription = "Speech recognition is required for real-time transcription.";
				INFOPLIST_KEY_UIApplicationSupportsIndirectInputEvents = YES;
				INFOPLIST_KEY_UILaunchScreen_Generation = YES;
				IPHONEOS_DEPLOYMENT_TARGET = 26.4;
				LD_RUNPATH_SEARCH_PATHS = (
					"$(inherited)",
					"@executable_path/Frameworks",
				);
				PRODUCT_BUNDLE_IDENTIFIER = com.tastyheadphones.RealtimeInterpretationHost;
				SDKROOT = iphoneos;
				TARGETED_DEVICE_FAMILY = "1,2";
			};
			name = Release;
		};
		C97D6D7EA81686FEA4E64029 /* Debug */ = {
			isa = XCBuildConfiguration;
			buildSettings = {
				ALWAYS_SEARCH_USER_PATHS = NO;
				CLANG_ANALYZER_NONNULL = YES;
				CLANG_ANALYZER_NUMBER_OBJECT_CONVERSION = YES_AGGRESSIVE;
				CLANG_CXX_LANGUAGE_STANDARD = "gnu++14";
				CLANG_CXX_LIBRARY = "libc++";
				CLANG_ENABLE_MODULES = YES;
				CLANG_ENABLE_OBJC_ARC = YES;
				CLANG_ENABLE_OBJC_WEAK = YES;
				CLANG_WARN_BLOCK_CAPTURE_AUTORELEASING = YES;
				CLANG_WARN_BOOL_CONVERSION = YES;
				CLANG_WARN_COMMA = YES;
				CLANG_WARN_CONSTANT_CONVERSION = YES;
				CLANG_WARN_DEPRECATED_OBJC_IMPLEMENTATIONS = YES;
				CLANG_WARN_DIRECT_OBJC_ISA_USAGE = YES_ERROR;
				CLANG_WARN_DOCUMENTATION_COMMENTS = YES;
				CLANG_WARN_EMPTY_BODY = YES;
				CLANG_WARN_ENUM_CONVERSION = YES;
				CLANG_WARN_INFINITE_RECURSION = YES;
				CLANG_WARN_INT_CONVERSION = YES;
				CLANG_WARN_NON_LITERAL_NULL_CONVERSION = YES;
				CLANG_WARN_OBJC_IMPLICIT_RETAIN_SELF = YES;
				CLANG_WARN_OBJC_LITERAL_CONVERSION = YES;
				CLANG_WARN_OBJC_ROOT_CLASS = YES_ERROR;
				CLANG_WARN_QUOTED_INCLUDE_IN_FRAMEWORK_HEADER = YES;
				CLANG_WARN_RANGE_LOOP_ANALYSIS = YES;
				CLANG_WARN_STRICT_PROTOTYPES = YES;
				CLANG_WARN_SUSPICIOUS_MOVE = YES;
				CLANG_WARN_UNGUARDED_AVAILABILITY = YES_AGGRESSIVE;
				CLANG_WARN_UNREACHABLE_CODE = YES;
				CLANG_WARN__DUPLICATE_METHOD_MATCH = YES;
				COPY_PHASE_STRIP = NO;
				DEBUG_INFORMATION_FORMAT = dwarf;
				ENABLE_STRICT_OBJC_MSGSEND = YES;
				ENABLE_TESTABILITY = YES;
				GCC_C_LANGUAGE_STANDARD = gnu11;
				GCC_DYNAMIC_NO_PIC = NO;
				GCC_NO_COMMON_BLOCKS = YES;
				GCC_OPTIMIZATION_LEVEL = 0;
				GCC_PREPROCESSOR_DEFINITIONS = (
					"$(inherited)",
					"DEBUG=1",
				);
				GCC_WARN_64_TO_32_BIT_CONVERSION = YES;
				GCC_WARN_ABOUT_RETURN_TYPE = YES_ERROR;
				GCC_WARN_UNDECLARED_SELECTOR = YES;
				GCC_WARN_UNINITIALIZED_AUTOS = YES_AGGRESSIVE;
				GCC_WARN_UNUSED_FUNCTION = YES;
				GCC_WARN_UNUSED_VARIABLE = YES;
				MTL_ENABLE_DEBUG_INFO = INCLUDE_SOURCE;
				MTL_FAST_MATH = YES;
				ONLY_ACTIVE_ARCH = YES;
				PRODUCT_NAME = "$(TARGET_NAME)";
				SDKROOT = iphoneos;
				SWIFT_ACTIVE_COMPILATION_CONDITIONS = DEBUG;
				SWIFT_OPTIMIZATION_LEVEL = "-Onone";
				SWIFT_VERSION = 6.0;
			};
			name = Debug;
		};
/* End XCBuildConfiguration section */

/* Begin XCConfigurationList section */
		10F1DCD481AF3B1ED54F635E /* Build configuration list for PBXProject "RealtimeInterpretationHost" */ = {
			isa = XCConfigurationList;
			buildConfigurations = (
				C97D6D7EA81686FEA4E64029 /* Debug */,
				711584516CAE6A5F2E04526F /* Release */,
			);
			defaultConfigurationIsVisible = 0;
			defaultConfigurationName = Debug;
		};
		78C954E88C3DC36BE9930091 /* Build configuration list for PBXNativeTarget "RealtimeInterpretationHost" */ = {
			isa = XCConfigurationList;
			buildConfigurations = (
				77628EDA20E4F7BFA55679BA /* Debug */,
				92CDB396AEF3DBE79B68A2FF /* Release */,
			);
			defaultConfigurationIsVisible = 0;
			defaultConfigurationName = Debug;
		};
/* End XCConfigurationList section */

/* Begin XCLocalSwiftPackageReference section */
		3509535E3B785BEC3FF2A8F7 /* XCLocalSwiftPackageReference "../ios26_demo" */ = {
			isa = XCLocalSwiftPackageReference;
			relativePath = ../ios26_demo;
		};
/* End XCLocalSwiftPackageReference section */

/* Begin XCSwiftPackageProductDependency section */
		BEB5AD5C5A5763852E686DC3 /* RealtimeInterpretationDemo */ = {
			isa = XCSwiftPackageProductDependency;
			productName = RealtimeInterpretationDemo;
		};
/* End XCSwiftPackageProductDependency section */
	};
	rootObject = 0B38A7F50F814E6BB02CD00F /* Project object */;
}
